// !$*UTF8*$!
{
	archiveVersion = 1;
	classes = {
	};
	objectVersion = 55;
	objects = {

/* Begin PBXBuildFile section */
		040F79822A98347400A1C08D /* HomeViewController.swift in Sources */ = {isa = PBXBuildFile; fileRef = 040F79812A98347400A1C08D /* HomeViewController.swift */; };
		040F79842A9834C400A1C08D /* ProfileViewController.swift in Sources */ = {isa = PBXBuildFile; fileRef = 040F79832A9834C400A1C08D /* ProfileViewController.swift */; };
		040F79862A9834FC00A1C08D /* FindDatesViewController.swift in Sources */ = {isa = PBXBuildFile; fileRef = 040F79852A9834FC00A1C08D /* FindDatesViewController.swift */; };
		040F79882A98377700A1C08D /* SigninViewController.swift in Sources */ = {isa = PBXBuildFile; fileRef = 040F79872A98377700A1C08D /* SigninViewController.swift */; };
		040F798B2A9841BA00A1C08D /* ChatsViewController.swift in Sources */ = {isa = PBXBuildFile; fileRef = 040F798A2A9841BA00A1C08D /* ChatsViewController.swift */; };
		040F79922A993DE500A1C08D /* Button.swift in Sources */ = {isa = PBXBuildFile; fileRef = 040F79912A993DE500A1C08D /* Button.swift */; };
		040F79992A99411E00A1C08D /* TextField.swift in Sources */ = {isa = PBXBuildFile; fileRef = 040F79982A99411E00A1C08D /* TextField.swift */; };
		040F79AA2A9BDB1400A1C08D /* Label.swift in Sources */ = {isa = PBXBuildFile; fileRef = 040F79A92A9BDB1400A1C08D /* Label.swift */; };
		04AEA8052A9E44FC009F6A86 /* GoogleService-Info (1).plist in Resources */ = {isa = PBXBuildFile; fileRef = 04AEA8042A9E44FC009F6A86 /* GoogleService-Info (1).plist */; };
		B49CBB2C287058A2000C8308 /* AppDelegate.swift in Sources */ = {isa = PBXBuildFile; fileRef = B49CBB2B287058A2000C8308 /* AppDelegate.swift */; };
		B49CBB2E287058A2000C8308 /* SceneDelegate.swift in Sources */ = {isa = PBXBuildFile; fileRef = B49CBB2D287058A2000C8308 /* SceneDelegate.swift */; };
		B49CBB30287058A2000C8308 /* ViewController.swift in Sources */ = {isa = PBXBuildFile; fileRef = B49CBB2F287058A2000C8308 /* ViewController.swift */; };
		B49CBB35287058A8000C8308 /* Assets.xcassets in Resources */ = {isa = PBXBuildFile; fileRef = B49CBB34287058A8000C8308 /* Assets.xcassets */; };
		B49CBB38287058A8000C8308 /* LaunchScreen.storyboard in Resources */ = {isa = PBXBuildFile; fileRef = B49CBB36287058A8000C8308 /* LaunchScreen.storyboard */; };
		B49CBB402871C154000C8308 /* OnboardingViewController.swift in Sources */ = {isa = PBXBuildFile; fileRef = B49CBB3F2871C154000C8308 /* OnboardingViewController.swift */; };
		B49CBB422871EAA6000C8308 /* OnboardingModel.swift in Sources */ = {isa = PBXBuildFile; fileRef = B49CBB412871EAA5000C8308 /* OnboardingModel.swift */; };
		B49CBB442871EF56000C8308 /* Extension+OnboardingViewController.swift in Sources */ = {isa = PBXBuildFile; fileRef = B49CBB432871EF56000C8308 /* Extension+OnboardingViewController.swift */; };
		B49CBB462871F76E000C8308 /* OnboardingCollectionViewCell.swift in Sources */ = {isa = PBXBuildFile; fileRef = B49CBB452871F76E000C8308 /* OnboardingCollectionViewCell.swift */; };
		B4ABDEA2287370D30012F7AF /* TabBarViewController.swift in Sources */ = {isa = PBXBuildFile; fileRef = B4ABDEA1287370D30012F7AF /* TabBarViewController.swift */; };
		B4ABDEB1287583EA0012F7AF /* ChatsCollectionViewCell.swift in Sources */ = {isa = PBXBuildFile; fileRef = B4ABDEB0287583EA0012F7AF /* ChatsCollectionViewCell.swift */; };
		F1A119622952371F0E4FAB3B /* Pods_Dating_App.framework in Frameworks */ = {isa = PBXBuildFile; fileRef = 9AB01B6493C1DD073A30079E /* Pods_Dating_App.framework */; };
/* End PBXBuildFile section */

/* Begin PBXFileReference section */
		040F79812A98347400A1C08D /* HomeViewController.swift */ = {isa = PBXFileReference; lastKnownFileType = sourcecode.swift; path = HomeViewController.swift; sourceTree = "<group>"; };
		040F79832A9834C400A1C08D /* ProfileViewController.swift */ = {isa = PBXFileReference; lastKnownFileType = sourcecode.swift; path = ProfileViewController.swift; sourceTree = "<group>"; };
		040F79852A9834FC00A1C08D /* FindDatesViewController.swift */ = {isa = PBXFileReference; lastKnownFileType = sourcecode.swift; path = FindDatesViewController.swift; sourceTree = "<group>"; };
		040F79872A98377700A1C08D /* SigninViewController.swift */ = {isa = PBXFileReference; lastKnownFileType = sourcecode.swift; path = SigninViewController.swift; sourceTree = "<group>"; };
		040F798A2A9841BA00A1C08D /* ChatsViewController.swift */ = {isa = PBXFileReference; lastKnownFileType = sourcecode.swift; path = ChatsViewController.swift; sourceTree = "<group>"; };
		040F79912A993DE500A1C08D /* Button.swift */ = {isa = PBXFileReference; lastKnownFileType = sourcecode.swift; path = Button.swift; sourceTree = "<group>"; };
		040F79982A99411E00A1C08D /* TextField.swift */ = {isa = PBXFileReference; lastKnownFileType = sourcecode.swift; path = TextField.swift; sourceTree = "<group>"; };
		040F79A92A9BDB1400A1C08D /* Label.swift */ = {isa = PBXFileReference; lastKnownFileType = sourcecode.swift; path = Label.swift; sourceTree = "<group>"; };
		04AEA8042A9E44FC009F6A86 /* GoogleService-Info (1).plist */ = {isa = PBXFileReference; fileEncoding = 4; lastKnownFileType = text.plist.xml; name = "GoogleService-Info (1).plist"; path = "../../../../../Downloads/GoogleService-Info (1).plist"; sourceTree = "<group>"; };
		313E26F6E2E8710928132257 /* Pods-Dating App.debug.xcconfig */ = {isa = PBXFileReference; includeInIndex = 1; lastKnownFileType = text.xcconfig; name = "Pods-Dating App.debug.xcconfig"; path = "Target Support Files/Pods-Dating App/Pods-Dating App.debug.xcconfig"; sourceTree = "<group>"; };
		76D18B12BCF31489E1D1236A /* Pods-Dating App.release.xcconfig */ = {isa = PBXFileReference; includeInIndex = 1; lastKnownFileType = text.xcconfig; name = "Pods-Dating App.release.xcconfig"; path = "Target Support Files/Pods-Dating App/Pods-Dating App.release.xcconfig"; sourceTree = "<group>"; };
		9AB01B6493C1DD073A30079E /* Pods_Dating_App.framework */ = {isa = PBXFileReference; explicitFileType = wrapper.framework; includeInIndex = 0; path = Pods_Dating_App.framework; sourceTree = BUILT_PRODUCTS_DIR; };
		B49CBB28287058A2000C8308 /* Dating App.app */ = {isa = PBXFileReference; explicitFileType = wrapper.application; includeInIndex = 0; path = "Dating App.app"; sourceTree = BUILT_PRODUCTS_DIR; };
		B49CBB2B287058A2000C8308 /* AppDelegate.swift */ = {isa = PBXFileReference; lastKnownFileType = sourcecode.swift; path = AppDelegate.swift; sourceTree = "<group>"; };
		B49CBB2D287058A2000C8308 /* SceneDelegate.swift */ = {isa = PBXFileReference; lastKnownFileType = sourcecode.swift; path = SceneDelegate.swift; sourceTree = "<group>"; };
		B49CBB2F287058A2000C8308 /* ViewController.swift */ = {isa = PBXFileReference; lastKnownFileType = sourcecode.swift; path = ViewController.swift; sourceTree = "<group>"; };
		B49CBB34287058A8000C8308 /* Assets.xcassets */ = {isa = PBXFileReference; lastKnownFileType = folder.assetcatalog; path = Assets.xcassets; sourceTree = "<group>"; };
		B49CBB37287058A8000C8308 /* Base */ = {isa = PBXFileReference; lastKnownFileType = file.storyboard; name = Base; path = Base.lproj/LaunchScreen.storyboard; sourceTree = "<group>"; };
		B49CBB39287058A8000C8308 /* Info.plist */ = {isa = PBXFileReference; lastKnownFileType = text.plist.xml; path = Info.plist; sourceTree = "<group>"; };
		B49CBB3F2871C154000C8308 /* OnboardingViewController.swift */ = {isa = PBXFileReference; lastKnownFileType = sourcecode.swift; path = OnboardingViewController.swift; sourceTree = "<group>"; };
		B49CBB412871EAA5000C8308 /* OnboardingModel.swift */ = {isa = PBXFileReference; lastKnownFileType = sourcecode.swift; path = OnboardingModel.swift; sourceTree = "<group>"; };
		B49CBB432871EF56000C8308 /* Extension+OnboardingViewController.swift */ = {isa = PBXFileReference; lastKnownFileType = sourcecode.swift; path = "Extension+OnboardingViewController.swift"; sourceTree = "<group>"; };
		B49CBB452871F76E000C8308 /* OnboardingCollectionViewCell.swift */ = {isa = PBXFileReference; lastKnownFileType = sourcecode.swift; path = OnboardingCollectionViewCell.swift; sourceTree = "<group>"; };
		B4ABDEA1287370D30012F7AF /* TabBarViewController.swift */ = {isa = PBXFileReference; lastKnownFileType = sourcecode.swift; path = TabBarViewController.swift; sourceTree = "<group>"; };
		B4ABDEB0287583EA0012F7AF /* ChatsCollectionViewCell.swift */ = {isa = PBXFileReference; lastKnownFileType = sourcecode.swift; path = ChatsCollectionViewCell.swift; sourceTree = "<group>"; };
/* End PBXFileReference section */

/* Begin PBXFrameworksBuildPhase section */
		B49CBB25287058A2000C8308 /* Frameworks */ = {
			isa = PBXFrameworksBuildPhase;
			buildActionMask = 2147483647;
			files = (
				F1A119622952371F0E4FAB3B /* Pods_Dating_App.framework in Frameworks */,
			);
			runOnlyForDeploymentPostprocessing = 0;
		};
/* End PBXFrameworksBuildPhase section */

/* Begin PBXGroup section */
		040F79892A98419C00A1C08D /* Screen */ = {
			isa = PBXGroup;
			children = (
				040F798A2A9841BA00A1C08D /* ChatsViewController.swift */,
			);
			path = Screen;
			sourceTree = "<group>";
		};
		040F798C2A9841EB00A1C08D /* Tabbars */ = {
			isa = PBXGroup;
			children = (
				040F79812A98347400A1C08D /* HomeViewController.swift */,
				040F79892A98419C00A1C08D /* Screen */,
				040F79852A9834FC00A1C08D /* FindDatesViewController.swift */,
				040F79832A9834C400A1C08D /* ProfileViewController.swift */,
			);
			path = Tabbars;
			sourceTree = "<group>";
		};
		040F79902A993DC800A1C08D /* Reusables */ = {
			isa = PBXGroup;
			children = (
				040F79912A993DE500A1C08D /* Button.swift */,
				040F79A92A9BDB1400A1C08D /* Label.swift */,
				040F79982A99411E00A1C08D /* TextField.swift */,
			);
			path = Reusables;
			sourceTree = "<group>";
		};
		040F799F2A9B608E00A1C08D /* ViewModel */ = {
			isa = PBXGroup;
			children = (
			);
			path = ViewModel;
			sourceTree = "<group>";
		};
		1B4EE523C6FE8CF94408C334 /* Pods */ = {
			isa = PBXGroup;
			children = (
				313E26F6E2E8710928132257 /* Pods-Dating App.debug.xcconfig */,
				76D18B12BCF31489E1D1236A /* Pods-Dating App.release.xcconfig */,
			);
			name = Pods;
			path = Pods;
			sourceTree = "<group>";
		};
		A84678F04879040947B3CF18 /* Frameworks */ = {
			isa = PBXGroup;
			children = (
				9AB01B6493C1DD073A30079E /* Pods_Dating_App.framework */,
			);
			name = Frameworks;
			sourceTree = "<group>";
		};
		B49CBB1F287058A2000C8308 = {
			isa = PBXGroup;
			children = (
				B49CBB2A287058A2000C8308 /* Dating App */,
				B49CBB29287058A2000C8308 /* Products */,
				1B4EE523C6FE8CF94408C334 /* Pods */,
				A84678F04879040947B3CF18 /* Frameworks */,
			);
			sourceTree = "<group>";
		};
		B49CBB29287058A2000C8308 /* Products */ = {
			isa = PBXGroup;
			children = (
				B49CBB28287058A2000C8308 /* Dating App.app */,
			);
			name = Products;
			sourceTree = "<group>";
		};
		B49CBB2A287058A2000C8308 /* Dating App */ = {
			isa = PBXGroup;
			children = (
				04AEA8042A9E44FC009F6A86 /* GoogleService-Info (1).plist */,
				040F799F2A9B608E00A1C08D /* ViewModel */,
				040F79902A993DC800A1C08D /* Reusables */,
				B4ABDE9D287356830012F7AF /* Delegates */,
				B4ABDE9C2873566C0012F7AF /* Model */,
				B4ABDEA3287380B70012F7AF /* Extension+ViewController */,
				B4ABDE9B2873565A0012F7AF /* Controllers */,
				B4ABDE9E2873568F0012F7AF /* Cells */,
				B4ABDE9F2873569C0012F7AF /* Resources */,
				B4ABDEA0287356AD0012F7AF /* Storyboard */,
				B49CBB39287058A8000C8308 /* Info.plist */,
			);
			path = "Dating App";
			sourceTree = "<group>";
		};
		B4ABDE9B2873565A0012F7AF /* Controllers */ = {
			isa = PBXGroup;
			children = (
				B49CBB2F287058A2000C8308 /* ViewController.swift */,
				B49CBB3F2871C154000C8308 /* OnboardingViewController.swift */,
				040F79872A98377700A1C08D /* SigninViewController.swift */,
				B4ABDEA1287370D30012F7AF /* TabBarViewController.swift */,
				040F798C2A9841EB00A1C08D /* Tabbars */,
			);
			path = Controllers;
			sourceTree = "<group>";
		};
		B4ABDE9C2873566C0012F7AF /* Model */ = {
			isa = PBXGroup;
			children = (
				B49CBB412871EAA5000C8308 /* OnboardingModel.swift */,
			);
			path = Model;
			sourceTree = "<group>";
		};
		B4ABDE9D287356830012F7AF /* Delegates */ = {
			isa = PBXGroup;
			children = (
				B49CBB2B287058A2000C8308 /* AppDelegate.swift */,
				B49CBB2D287058A2000C8308 /* SceneDelegate.swift */,
			);
			path = Delegates;
			sourceTree = "<group>";
		};
		B4ABDE9E2873568F0012F7AF /* Cells */ = {
			isa = PBXGroup;
			children = (
				B49CBB452871F76E000C8308 /* OnboardingCollectionViewCell.swift */,
				B4ABDEB0287583EA0012F7AF /* ChatsCollectionViewCell.swift */,
			);
			path = Cells;
			sourceTree = "<group>";
		};
		B4ABDE9F2873569C0012F7AF /* Resources */ = {
			isa = PBXGroup;
			children = (
				B49CBB34287058A8000C8308 /* Assets.xcassets */,
			);
			path = Resources;
			sourceTree = "<group>";
		};
		B4ABDEA0287356AD0012F7AF /* Storyboard */ = {
			isa = PBXGroup;
			children = (
				B49CBB36287058A8000C8308 /* LaunchScreen.storyboard */,
			);
			path = Storyboard;
			sourceTree = "<group>";
		};
		B4ABDEA3287380B70012F7AF /* Extension+ViewController */ = {
			isa = PBXGroup;
			children = (
				B49CBB432871EF56000C8308 /* Extension+OnboardingViewController.swift */,
			);
			path = "Extension+ViewController";
			sourceTree = "<group>";
		};
/* End PBXGroup section */

/* Begin PBXNativeTarget section */
		B49CBB27287058A2000C8308 /* Dating App */ = {
			isa = PBXNativeTarget;
			buildConfigurationList = B49CBB3C287058A8000C8308 /* Build configuration list for PBXNativeTarget "Dating App" */;
			buildPhases = (
				77A901B68DD66914C4DF6D76 /* [CP] Check Pods Manifest.lock */,
				B49CBB24287058A2000C8308 /* Sources */,
				B49CBB25287058A2000C8308 /* Frameworks */,
				B49CBB26287058A2000C8308 /* Resources */,
				1B1E603EEA5C69B328F8E6BF /* [CP] Embed Pods Frameworks */,
			);
			buildRules = (
			);
			dependencies = (
			);
			name = "Dating App";
			productName = "Dating App";
			productReference = B49CBB28287058A2000C8308 /* Dating App.app */;
			productType = "com.apple.product-type.application";
		};
/* End PBXNativeTarget section */

/* Begin PBXProject section */
		B49CBB20287058A2000C8308 /* Project object */ = {
			isa = PBXProject;
			attributes = {
				BuildIndependentTargetsInParallel = 1;
				LastSwiftUpdateCheck = 1340;
				LastUpgradeCheck = 1340;
				TargetAttributes = {
					B49CBB27287058A2000C8308 = {
						CreatedOnToolsVersion = 13.4.1;
					};
				};
			};
			buildConfigurationList = B49CBB23287058A2000C8308 /* Build configuration list for PBXProject "Dating App" */;
			compatibilityVersion = "Xcode 13.0";
			developmentRegion = en;
			hasScannedForEncodings = 0;
			knownRegions = (
				en,
				Base,
			);
			mainGroup = B49CBB1F287058A2000C8308;
			productRefGroup = B49CBB29287058A2000C8308 /* Products */;
			projectDirPath = "";
			projectRoot = "";
			targets = (
				B49CBB27287058A2000C8308 /* Dating App */,
			);
		};
/* End PBXProject section */

/* Begin PBXResourcesBuildPhase section */
		B49CBB26287058A2000C8308 /* Resources */ = {
			isa = PBXResourcesBuildPhase;
			buildActionMask = 2147483647;
			files = (
				B49CBB38287058A8000C8308 /* LaunchScreen.storyboard in Resources */,
				04AEA8052A9E44FC009F6A86 /* GoogleService-Info (1).plist in Resources */,
				B49CBB35287058A8000C8308 /* Assets.xcassets in Resources */,
			);
			runOnlyForDeploymentPostprocessing = 0;
		};
/* End PBXResourcesBuildPhase section */

/* Begin PBXShellScriptBuildPhase section */
		1B1E603EEA5C69B328F8E6BF /* [CP] Embed Pods Frameworks */ = {
			isa = PBXShellScriptBuildPhase;
			buildActionMask = 2147483647;
			files = (
			);
			inputFileListPaths = (
				"${PODS_ROOT}/Target Support Files/Pods-Dating App/Pods-Dating App-frameworks-${CONFIGURATION}-input-files.xcfilelist",
			);
			name = "[CP] Embed Pods Frameworks";
			outputFileListPaths = (
				"${PODS_ROOT}/Target Support Files/Pods-Dating App/Pods-Dating App-frameworks-${CONFIGURATION}-output-files.xcfilelist",
			);
			runOnlyForDeploymentPostprocessing = 0;
			shellPath = /bin/sh;
			shellScript = "\"${PODS_ROOT}/Target Support Files/Pods-Dating App/Pods-Dating App-frameworks.sh\"\n";
			showEnvVarsInLog = 0;
		};
		77A901B68DD66914C4DF6D76 /* [CP] Check Pods Manifest.lock */ = {
			isa = PBXShellScriptBuildPhase;
			buildActionMask = 2147483647;
			files = (
			);
			inputFileListPaths = (
			);
			inputPaths = (
				"${PODS_PODFILE_DIR_PATH}/Podfile.lock",
				"${PODS_ROOT}/Manifest.lock",
			);
			name = "[CP] Check Pods Manifest.lock";
			outputFileListPaths = (
			);
			outputPaths = (
				"$(DERIVED_FILE_DIR)/Pods-Dating App-checkManifestLockResult.txt",
			);
			runOnlyForDeploymentPostprocessing = 0;
			shellPath = /bin/sh;
			shellScript = "diff \"${PODS_PODFILE_DIR_PATH}/Podfile.lock\" \"${PODS_ROOT}/Manifest.lock\" > /dev/null\nif [ $? != 0 ] ; then\n    # print error to STDERR\n    echo \"error: The sandbox is not in sync with the Podfile.lock. Run 'pod install' or update your CocoaPods installation.\" >&2\n    exit 1\nfi\n# This output is used by Xcode 'outputs' to avoid re-running this script phase.\necho \"SUCCESS\" > \"${SCRIPT_OUTPUT_FILE_0}\"\n";
			showEnvVarsInLog = 0;
		};
/* End PBXShellScriptBuildPhase section */

/* Begin PBXSourcesBuildPhase section */
		B49CBB24287058A2000C8308 /* Sources */ = {
			isa = PBXSourcesBuildPhase;
			buildActionMask = 2147483647;
			files = (
				040F79822A98347400A1C08D /* HomeViewController.swift in Sources */,
				B4ABDEA2287370D30012F7AF /* TabBarViewController.swift in Sources */,
				B49CBB30287058A2000C8308 /* ViewController.swift in Sources */,
				B4ABDEB1287583EA0012F7AF /* ChatsCollectionViewCell.swift in Sources */,
				040F798B2A9841BA00A1C08D /* ChatsViewController.swift in Sources */,
				B49CBB442871EF56000C8308 /* Extension+OnboardingViewController.swift in Sources */,
				B49CBB422871EAA6000C8308 /* OnboardingModel.swift in Sources */,
				040F79842A9834C400A1C08D /* ProfileViewController.swift in Sources */,
				B49CBB2C287058A2000C8308 /* AppDelegate.swift in Sources */,
				B49CBB2E287058A2000C8308 /* SceneDelegate.swift in Sources */,
				040F79922A993DE500A1C08D /* Button.swift in Sources */,
				040F79862A9834FC00A1C08D /* FindDatesViewController.swift in Sources */,
				040F79882A98377700A1C08D /* SigninViewController.swift in Sources */,
				040F79AA2A9BDB1400A1C08D /* Label.swift in Sources */,
				040F79992A99411E00A1C08D /* TextField.swift in Sources */,
				B49CBB462871F76E000C8308 /* OnboardingCollectionViewCell.swift in Sources */,
				B49CBB402871C154000C8308 /* OnboardingViewController.swift in Sources */,
			);
			runOnlyForDeploymentPostprocessing = 0;
		};
/* End PBXSourcesBuildPhase section */

/* Begin PBXVariantGroup section */
		B49CBB36287058A8000C8308 /* LaunchScreen.storyboard */ = {
			isa = PBXVariantGroup;
			children = (
				B49CBB37287058A8000C8308 /* Base */,
			);
			name = LaunchScreen.storyboard;
			sourceTree = "<group>";
		};
/* End PBXVariantGroup section */

/* Begin XCBuildConfiguration section */
		B49CBB3A287058A8000C8308 /* Debug */ = {
			isa = XCBuildConfiguration;
			buildSettings = {
				ALWAYS_SEARCH_USER_PATHS = NO;
				CLANG_ANALYZER_NONNULL = YES;
				CLANG_ANALYZER_NUMBER_OBJECT_CONVERSION = YES_AGGRESSIVE;
				CLANG_CXX_LANGUAGE_STANDARD = "gnu++17";
				CLANG_ENABLE_MODULES = YES;
				CLANG_ENABLE_OBJC_ARC = YES;
				CLANG_ENABLE_OBJC_WEAK = YES;
				CLANG_WARN_BLOCK_CAPTURE_AUTORELEASING = YES;
				CLANG_WARN_BOOL_CONVERSION = YES;
				CLANG_WARN_COMMA = YES;
				CLANG_WARN_CONSTANT_CONVERSION = YES;
				CLANG_WARN_DEPRECATED_OBJC_IMPLEMENTATIONS = YES;
				CLANG_WARN_DIRECT_OBJC_ISA_USAGE = YES_ERROR;
				CLANG_WARN_DOCUMENTATION_COMMENTS = YES;
				CLANG_WARN_EMPTY_BODY = YES;
				CLANG_WARN_ENUM_CONVERSION = YES;
				CLANG_WARN_INFINITE_RECURSION = YES;
				CLANG_WARN_INT_CONVERSION = YES;
				CLANG_WARN_NON_LITERAL_NULL_CONVERSION = YES;
				CLANG_WARN_OBJC_IMPLICIT_RETAIN_SELF = YES;
				CLANG_WARN_OBJC_LITERAL_CONVERSION = YES;
				CLANG_WARN_OBJC_ROOT_CLASS = YES_ERROR;
				CLANG_WARN_QUOTED_INCLUDE_IN_FRAMEWORK_HEADER = YES;
				CLANG_WARN_RANGE_LOOP_ANALYSIS = YES;
				CLANG_WARN_STRICT_PROTOTYPES = YES;
				CLANG_WARN_SUSPICIOUS_MOVE = YES;
				CLANG_WARN_UNGUARDED_AVAILABILITY = YES_AGGRESSIVE;
				CLANG_WARN_UNREACHABLE_CODE = YES;
				CLANG_WARN__DUPLICATE_METHOD_MATCH = YES;
				COPY_PHASE_STRIP = NO;
				DEBUG_INFORMATION_FORMAT = dwarf;
				ENABLE_STRICT_OBJC_MSGSEND = YES;
				ENABLE_TESTABILITY = YES;
				GCC_C_LANGUAGE_STANDARD = gnu11;
				GCC_DYNAMIC_NO_PIC = NO;
				GCC_NO_COMMON_BLOCKS = YES;
				GCC_OPTIMIZATION_LEVEL = 0;
				GCC_PREPROCESSOR_DEFINITIONS = (
					"DEBUG=1",
					"$(inherited)",
				);
				GCC_WARN_64_TO_32_BIT_CONVERSION = YES;
				GCC_WARN_ABOUT_RETURN_TYPE = YES_ERROR;
				GCC_WARN_UNDECLARED_SELECTOR = YES;
				GCC_WARN_UNINITIALIZED_AUTOS = YES_AGGRESSIVE;
				GCC_WARN_UNUSED_FUNCTION = YES;
				GCC_WARN_UNUSED_VARIABLE = YES;
				IPHONEOS_DEPLOYMENT_TARGET = 15.5;
				MTL_ENABLE_DEBUG_INFO = INCLUDE_SOURCE;
				MTL_FAST_MATH = YES;
				ONLY_ACTIVE_ARCH = YES;
				SDKROOT = iphoneos;
				SWIFT_ACTIVE_COMPILATION_CONDITIONS = DEBUG;
				SWIFT_OPTIMIZATION_LEVEL = "-Onone";
			};
			name = Debug;
		};
		B49CBB3B287058A8000C8308 /* Release */ = {
			isa = XCBuildConfiguration;
			buildSettings = {
				ALWAYS_SEARCH_USER_PATHS = NO;
				CLANG_ANALYZER_NONNULL = YES;
				CLANG_ANALYZER_NUMBER_OBJECT_CONVERSION = YES_AGGRESSIVE;
				CLANG_CXX_LANGUAGE_STANDARD = "gnu++17";
				CLANG_ENABLE_MODULES = YES;
				CLANG_ENABLE_OBJC_ARC = YES;
				CLANG_ENABLE_OBJC_WEAK = YES;
				CLANG_WARN_BLOCK_CAPTURE_AUTORELEASING = YES;
				CLANG_WARN_BOOL_CONVERSION = YES;
				CLANG_WARN_COMMA = YES;
				CLANG_WARN_CONSTANT_CONVERSION = YES;
				CLANG_WARN_DEPRECATED_OBJC_IMPLEMENTATIONS = YES;
				CLANG_WARN_DIRECT_OBJC_ISA_USAGE = YES_ERROR;
				CLANG_WARN_DOCUMENTATION_COMMENTS = YES;
				CLANG_WARN_EMPTY_BODY = YES;
				CLANG_WARN_ENUM_CONVERSION = YES;
				CLANG_WARN_INFINITE_RECURSION = YES;
				CLANG_WARN_INT_CONVERSION = YES;
				CLANG_WARN_NON_LITERAL_NULL_CONVERSION = YES;
				CLANG_WARN_OBJC_IMPLICIT_RETAIN_SELF = YES;
				CLANG_WARN_OBJC_LITERAL_CONVERSION = YES;
				CLANG_WARN_OBJC_ROOT_CLASS = YES_ERROR;
				CLANG_WARN_QUOTED_INCLUDE_IN_FRAMEWORK_HEADER = YES;
				CLANG_WARN_RANGE_LOOP_ANALYSIS = YES;
				CLANG_WARN_STRICT_PROTOTYPES = YES;
				CLANG_WARN_SUSPICIOUS_MOVE = YES;
				CLANG_WARN_UNGUARDED_AVAILABILITY = YES_AGGRESSIVE;
				CLANG_WARN_UNREACHABLE_CODE = YES;
				CLANG_WARN__DUPLICATE_METHOD_MATCH = YES;
				COPY_PHASE_STRIP = NO;
				DEBUG_INFORMATION_FORMAT = "dwarf-with-dsym";
				ENABLE_NS_ASSERTIONS = NO;
				ENABLE_STRICT_OBJC_MSGSEND = YES;
				GCC_C_LANGUAGE_STANDARD = gnu11;
				GCC_NO_COMMON_BLOCKS = YES;
				GCC_WARN_64_TO_32_BIT_CONVERSION = YES;
				GCC_WARN_ABOUT_RETURN_TYPE = YES_ERROR;
				GCC_WARN_UNDECLARED_SELECTOR = YES;
				GCC_WARN_UNINITIALIZED_AUTOS = YES_AGGRESSIVE;
				GCC_WARN_UNUSED_FUNCTION = YES;
				GCC_WARN_UNUSED_VARIABLE = YES;
				IPHONEOS_DEPLOYMENT_TARGET = 15.5;
				MTL_ENABLE_DEBUG_INFO = NO;
				MTL_FAST_MATH = YES;
				SDKROOT = iphoneos;
				SWIFT_COMPILATION_MODE = wholemodule;
				SWIFT_OPTIMIZATION_LEVEL = "-O";
				VALIDATE_PRODUCT = YES;
			};
			name = Release;
		};
		B49CBB3D287058A8000C8308 /* Debug */ = {
			isa = XCBuildConfiguration;
			baseConfigurationReference = 313E26F6E2E8710928132257 /* Pods-Dating App.debug.xcconfig */;
			buildSettings = {
				ASSETCATALOG_COMPILER_APPICON_NAME = AppIcon;
				ASSETCATALOG_COMPILER_GLOBAL_ACCENT_COLOR_NAME = AccentColor;
				CODE_SIGN_STYLE = Automatic;
				CURRENT_PROJECT_VERSION = 1;
				DEVELOPMENT_TEAM = SFJ8H3MDYC;
				FRAMEWORK_SEARCH_PATHS = (
					"$(inherited)",
					"$(PROJECT_DIR)/Carthage/Build/iOS",
				);
				GENERATE_INFOPLIST_FILE = YES;
				INFOPLIST_FILE = "Dating App/Info.plist";
				INFOPLIST_KEY_UIApplicationSupportsIndirectInputEvents = YES;
				INFOPLIST_KEY_UILaunchStoryboardName = LaunchScreen.storyboard;
				INFOPLIST_KEY_UISupportedInterfaceOrientations = "UIInterfaceOrientationPortrait UIInterfaceOrientationLandscapeLeft UIInterfaceOrientationLandscapeRight";
				INFOPLIST_KEY_UISupportedInterfaceOrientations_iPad = "UIInterfaceOrientationPortrait UIInterfaceOrientationPortraitUpsideDown UIInterfaceOrientationLandscapeLeft UIInterfaceOrientationLandscapeRight";
				INFOPLIST_KEY_UISupportedInterfaceOrientations_iPhone = "UIInterfaceOrientationPortrait UIInterfaceOrientationLandscapeLeft UIInterfaceOrientationLandscapeRight";
				LD_RUNPATH_SEARCH_PATHS = (
					"$(inherited)",
					"@executable_path/Frameworks",
				);
				MARKETING_VERSION = 1.0;
				OTHER_LDFLAGS = "";
				OTHER_LIBTOOLFLAGS = "";
				PRODUCT_BUNDLE_IDENTIFIER = "com.chidiogo.myfirstapp.Dating-App";
				PRODUCT_NAME = "$(TARGET_NAME)";
				SWIFT_EMIT_LOC_STRINGS = YES;
				SWIFT_VERSION = 5.0;
				TARGETED_DEVICE_FAMILY = "1,2";
			};
			name = Debug;
		};
		B49CBB3E287058A8000C8308 /* Release */ = {
			isa = XCBuildConfiguration;
			baseConfigurationReference = 76D18B12BCF31489E1D1236A /* Pods-Dating App.release.xcconfig */;
			buildSettings = {
				ASSETCATALOG_COMPILER_APPICON_NAME = AppIcon;
				ASSETCATALOG_COMPILER_GLOBAL_ACCENT_COLOR_NAME = AccentColor;
				CODE_SIGN_STYLE = Automatic;
				CURRENT_PROJECT_VERSION = 1;
				DEVELOPMENT_TEAM = SFJ8H3MDYC;
				FRAMEWORK_SEARCH_PATHS = (
					"$(inherited)",
					"$(PROJECT_DIR)/Carthage/Build/iOS",
				);
				GENERATE_INFOPLIST_FILE = YES;
				INFOPLIST_FILE = "Dating App/Info.plist";
				INFOPLIST_KEY_UIApplicationSupportsIndirectInputEvents = YES;
				INFOPLIST_KEY_UILaunchStoryboardName = LaunchScreen.storyboard;
				INFOPLIST_KEY_UISupportedInterfaceOrientations = "UIInterfaceOrientationPortrait UIInterfaceOrientationLandscapeLeft UIInterfaceOrientationLandscapeRight";
				INFOPLIST_KEY_UISupportedInterfaceOrientations_iPad = "UIInterfaceOrientationPortrait UIInterfaceOrientationPortraitUpsideDown UIInterfaceOrientationLandscapeLeft UIInterfaceOrientationLandscapeRight";
				INFOPLIST_KEY_UISupportedInterfaceOrientations_iPhone = "UIInterfaceOrientationPortrait UIInterfaceOrientationLandscapeLeft UIInterfaceOrientationLandscapeRight";
				LD_RUNPATH_SEARCH_PATHS = (
					"$(inherited)",
					"@executable_path/Frameworks",
				);
				MARKETING_VERSION = 1.0;
				OTHER_LDFLAGS = "";
				OTHER_LIBTOOLFLAGS = "";
				PRODUCT_BUNDLE_IDENTIFIER = "com.chidiogo.myfirstapp.Dating-App";
				PRODUCT_NAME = "$(TARGET_NAME)";
				SWIFT_EMIT_LOC_STRINGS = YES;
				SWIFT_VERSION = 5.0;
				TARGETED_DEVICE_FAMILY = "1,2";
			};
			name = Release;
		};
/* End XCBuildConfiguration section */

/* Begin XCConfigurationList section */
		B49CBB23287058A2000C8308 /* Build configuration list for PBXProject "Dating App" */ = {
			isa = XCConfigurationList;
			buildConfigurations = (
				B49CBB3A287058A8000C8308 /* Debug */,
				B49CBB3B287058A8000C8308 /* Release */,
			);
			defaultConfigurationIsVisible = 0;
			defaultConfigurationName = Release;
		};
		B49CBB3C287058A8000C8308 /* Build configuration list for PBXNativeTarget "Dating App" */ = {
			isa = XCConfigurationList;
			buildConfigurations = (
				B49CBB3D287058A8000C8308 /* Debug */,
				B49CBB3E287058A8000C8308 /* Release */,
			);
			defaultConfigurationIsVisible = 0;
			defaultConfigurationName = Release;
		};
/* End XCConfigurationList section */
	};
	rootObject = B49CBB20287058A2000C8308 /* Project object */;
}
