// !$*UTF8*$!
{
	archiveVersion = 1;
	classes = {
	};
	objectVersion = 55;
	objects = {

/* Begin PBXBuildFile section */
		040F79822A98347400A1C08D /* HomeViewController.swift in Sources */ = {isa = PBXBuildFile; fileRef = 040F79812A98347400A1C08D /* HomeViewController.swift */; };
		040F79842A9834C400A1C08D /* ProfileViewController.swift in Sources */ = {isa = PBXBuildFile; fileRef = 040F79832A9834C400A1C08D /* ProfileViewController.swift */; };
		040F79862A9834FC00A1C08D /* FindDatesViewController.swift in Sources */ = {isa = PBXBuildFile; fileRef = 040F79852A9834FC00A1C08D /* FindDatesViewController.swift */; };
		040F79882A98377700A1C08D /* UserCreationLoginViewController.swift in Sources */ = {isa = PBXBuildFile; fileRef = 040F79872A98377700A1C08D /* UserCreationLoginViewController.swift */; };
		040F798B2A9841BA00A1C08D /* ChatsViewController.swift in Sources */ = {isa = PBXBuildFile; fileRef = 040F798A2A9841BA00A1C08D /* ChatsViewController.swift */; };
		B49CBB2C287058A2000C8308 /* AppDelegate.swift in Sources */ = {isa = PBXBuildFile; fileRef = B49CBB2B287058A2000C8308 /* AppDelegate.swift */; };
		B49CBB2E287058A2000C8308 /* SceneDelegate.swift in Sources */ = {isa = PBXBuildFile; fileRef = B49CBB2D287058A2000C8308 /* SceneDelegate.swift */; };
		B49CBB30287058A2000C8308 /* ViewController.swift in Sources */ = {isa = PBXBuildFile; fileRef = B49CBB2F287058A2000C8308 /* ViewController.swift */; };
		B49CBB35287058A8000C8308 /* Assets.xcassets in Resources */ = {isa = PBXBuildFile; fileRef = B49CBB34287058A8000C8308 /* Assets.xcassets */; };
		B49CBB38287058A8000C8308 /* LaunchScreen.storyboard in Resources */ = {isa = PBXBuildFile; fileRef = B49CBB36287058A8000C8308 /* LaunchScreen.storyboard */; };
		B49CBB402871C154000C8308 /* OnboardingViewController.swift in Sources */ = {isa = PBXBuildFile; fileRef = B49CBB3F2871C154000C8308 /* OnboardingViewController.swift */; };
		B49CBB422871EAA6000C8308 /* OnboardingModel.swift in Sources */ = {isa = PBXBuildFile; fileRef = B49CBB412871EAA5000C8308 /* OnboardingModel.swift */; };
		B49CBB442871EF56000C8308 /* Extension+OnboardingViewController.swift in Sources */ = {isa = PBXBuildFile; fileRef = B49CBB432871EF56000C8308 /* Extension+OnboardingViewController.swift */; };
		B49CBB462871F76E000C8308 /* OnboardingCollectionViewCell.swift in Sources */ = {isa = PBXBuildFile; fileRef = B49CBB452871F76E000C8308 /* OnboardingCollectionViewCell.swift */; };
		B4ABDEA2287370D30012F7AF /* TabBarViewController.swift in Sources */ = {isa = PBXBuildFile; fileRef = B4ABDEA1287370D30012F7AF /* TabBarViewController.swift */; };
		B4ABDEB1287583EA0012F7AF /* ChatsCollectionViewCell.swift in Sources */ = {isa = PBXBuildFile; fileRef = B4ABDEB0287583EA0012F7AF /* ChatsCollectionViewCell.swift */; };
/* End PBXBuildFile section */

/* Begin PBXFileReference section */
		040F79812A98347400A1C08D /* HomeViewController.swift */ = {isa = PBXFileReference; lastKnownFileType = sourcecode.swift; path = HomeViewController.swift; sourceTree = "<group>"; };
		040F79832A9834C400A1C08D /* ProfileViewController.swift */ = {isa = PBXFileReference; lastKnownFileType = sourcecode.swift; path = ProfileViewController.swift; sourceTree = "<group>"; };
		040F79852A9834FC00A1C08D /* FindDatesViewController.swift */ = {isa = PBXFileReference; lastKnownFileType = sourcecode.swift; path = FindDatesViewController.swift; sourceTree = "<group>"; };
		040F79872A98377700A1C08D /* UserCreationLoginViewController.swift */ = {isa = PBXFileReference; lastKnownFileType = sourcecode.swift; path = UserCreationLoginViewController.swift; sourceTree = "<group>"; };
		040F798A2A9841BA00A1C08D /* ChatsViewController.swift */ = {isa = PBXFileReference; lastKnownFileType = sourcecode.swift; path = ChatsViewController.swift; sourceTree = "<group>"; };
		B49CBB28287058A2000C8308 /* Dating App.app */ = {isa = PBXFileReference; explicitFileType = wrapper.application; includeInIndex = 0; path = "Dating App.app"; sourceTree = BUILT_PRODUCTS_DIR; };
		B49CBB2B287058A2000C8308 /* AppDelegate.swift */ = {isa = PBXFileReference; lastKnownFileType = sourcecode.swift; path = AppDelegate.swift; sourceTree = "<group>"; };
		B49CBB2D287058A2000C8308 /* SceneDelegate.swift */ = {isa = PBXFileReference; lastKnownFileType = sourcecode.swift; path = SceneDelegate.swift; sourceTree = "<group>"; };
		B49CBB2F287058A2000C8308 /* ViewController.swift */ = {isa = PBXFileReference; lastKnownFileType = sourcecode.swift; path = ViewController.swift; sourceTree = "<group>"; };
		B49CBB34287058A8000C8308 /* Assets.xcassets */ = {isa = PBXFileReference; lastKnownFileType = folder.assetcatalog; path = Assets.xcassets; sourceTree = "<group>"; };
		B49CBB37287058A8000C8308 /* Base */ = {isa = PBXFileReference; lastKnownFileType = file.storyboard; name = Base; path = Base.lproj/LaunchScreen.storyboard; sourceTree = "<group>"; };
		B49CBB39287058A8000C8308 /* Info.plist */ = {isa = PBXFileReference; lastKnownFileType = text.plist.xml; path = Info.plist; sourceTree = "<group>"; };
		B49CBB3F2871C154000C8308 /* OnboardingViewController.swift */ = {isa = PBXFileReference; lastKnownFileType = sourcecode.swift; path = OnboardingViewController.swift; sourceTree = "<group>"; };
		B49CBB412871EAA5000C8308 /* OnboardingModel.swift */ = {isa = PBXFileReference; lastKnownFileType = sourcecode.swift; path = OnboardingModel.swift; sourceTree = "<group>"; };
		B49CBB432871EF56000C8308 /* Extension+OnboardingViewController.swift */ = {isa = PBXFileReference; lastKnownFileType = sourcecode.swift; path = "Extension+OnboardingViewController.swift"; sourceTree = "<group>"; };
		B49CBB452871F76E000C8308 /* OnboardingCollectionViewCell.swift */ = {isa = PBXFileReference; lastKnownFileType = sourcecode.swift; path = OnboardingCollectionViewCell.swift; sourceTree = "<group>"; };
		B4ABDEA1287370D30012F7AF /* TabBarViewController.swift */ = {isa = PBXFileReference; lastKnownFileType = sourcecode.swift; path = TabBarViewController.swift; sourceTree = "<group>"; };
		B4ABDEB0287583EA0012F7AF /* ChatsCollectionViewCell.swift */ = {isa = PBXFileReference; lastKnownFileType = sourcecode.swift; path = ChatsCollectionViewCell.swift; sourceTree = "<group>"; };
/* End PBXFileReference section */

/* Begin PBXFrameworksBuildPhase section */
		B49CBB25287058A2000C8308 /* Frameworks */ = {
			isa = PBXFrameworksBuildPhase;
			buildActionMask = 2147483647;
			files = (
			);
			runOnlyForDeploymentPostprocessing = 0;
		};
/* End PBXFrameworksBuildPhase section */

/* Begin PBXGroup section */
		040F79892A98419C00A1C08D /* Screen */ = {
			isa = PBXGroup;
			children = (
				040F798A2A9841BA00A1C08D /* ChatsViewController.swift */,
			);
			path = Screen;
			sourceTree = "<group>";
		};
		040F798C2A9841EB00A1C08D /* Tabbars */ = {
			isa = PBXGroup;
			children = (
				040F79812A98347400A1C08D /* HomeViewController.swift */,
				040F79892A98419C00A1C08D /* Screen */,
				040F79852A9834FC00A1C08D /* FindDatesViewController.swift */,
				040F79832A9834C400A1C08D /* ProfileViewController.swift */,
			);
			path = Tabbars;
			sourceTree = "<group>";
		};
		B49CBB1F287058A2000C8308 = {
			isa = PBXGroup;
			children = (
				B49CBB2A287058A2000C8308 /* Dating App */,
				B49CBB29287058A2000C8308 /* Products */,
			);
			sourceTree = "<group>";
		};
		B49CBB29287058A2000C8308 /* Products */ = {
			isa = PBXGroup;
			children = (
				B49CBB28287058A2000C8308 /* Dating App.app */,
			);
			name = Products;
			sourceTree = "<group>";
		};
		B49CBB2A287058A2000C8308 /* Dating App */ = {
			isa = PBXGroup;
			children = (
				B4ABDE9D287356830012F7AF /* Delegates */,
				B4ABDE9C2873566C0012F7AF /* Model */,
				B4ABDEA3287380B70012F7AF /* Extension+ViewController */,
				B4ABDE9B2873565A0012F7AF /* Controllers */,
				B4ABDE9E2873568F0012F7AF /* Cells */,
				B4ABDE9F2873569C0012F7AF /* Resources */,
				B4ABDEA0287356AD0012F7AF /* Storyboard */,
				B49CBB39287058A8000C8308 /* Info.plist */,
			);
			path = "Dating App";
			sourceTree = "<group>";
		};
		B4ABDE9B2873565A0012F7AF /* Controllers */ = {
			isa = PBXGroup;
			children = (
				B49CBB2F287058A2000C8308 /* ViewController.swift */,
				B49CBB3F2871C154000C8308 /* OnboardingViewController.swift */,
				040F79872A98377700A1C08D /* UserCreationLoginViewController.swift */,
				B4ABDEA1287370D30012F7AF /* TabBarViewController.swift */,
				040F798C2A9841EB00A1C08D /* Tabbars */,
			);
			path = Controllers;
			sourceTree = "<group>";
		};
		B4ABDE9C2873566C0012F7AF /* Model */ = {
			isa = PBXGroup;
			children = (
				B49CBB412871EAA5000C8308 /* OnboardingModel.swift */,
			);
			path = Model;
			sourceTree = "<group>";
		};
		B4ABDE9D287356830012F7AF /* Delegates */ = {
			isa = PBXGroup;
			children = (
				B49CBB2B287058A2000C8308 /* AppDelegate.swift */,
				B49CBB2D287058A2000C8308 /* SceneDelegate.swift */,
			);
			path = Delegates;
			sourceTree = "<group>";
		};
		B4ABDE9E2873568F0012F7AF /* Cells */ = {
			isa = PBXGroup;
			children = (
				B49CBB452871F76E000C8308 /* OnboardingCollectionViewCell.swift */,
				B4ABDEB0287583EA0012F7AF /* ChatsCollectionViewCell.swift */,
			);
			path = Cells;
			sourceTree = "<group>";
		};
		B4ABDE9F2873569C0012F7AF /* Resources */ = {
			isa = PBXGroup;
			children = (
				B49CBB34287058A8000C8308 /* Assets.xcassets */,
			);
			path = Resources;
			sourceTree = "<group>";
		};
		B4ABDEA0287356AD0012F7AF /* Storyboard */ = {
			isa = PBXGroup;
			children = (
				B49CBB36287058A8000C8308 /* LaunchScreen.storyboard */,
			);
			path = Storyboard;
			sourceTree = "<group>";
		};
		B4ABDEA3287380B70012F7AF /* Extension+ViewController */ = {
			isa = PBXGroup;
			children = (
				B49CBB432871EF56000C8308 /* Extension+OnboardingViewController.swift */,
			);
			path = "Extension+ViewController";
			sourceTree = "<group>";
		};
/* End PBXGroup section */

/* Begin PBXNativeTarget section */
		B49CBB27287058A2000C8308 /* Dating App */ = {
			isa = PBXNativeTarget;
			buildConfigurationList = B49CBB3C287058A8000C8308 /* Build configuration list for PBXNativeTarget "Dating App" */;
			buildPhases = (
				B49CBB24287058A2000C8308 /* Sources */,
				B49CBB25287058A2000C8308 /* Frameworks */,
				B49CBB26287058A2000C8308 /* Resources */,
			);
			buildRules = (
			);
			dependencies = (
			);
			name = "Dating App";
			productName = "Dating App";
			productReference = B49CBB28287058A2000C8308 /* Dating App.app */;
			productType = "com.apple.product-type.application";
		};
/* End PBXNativeTarget section */

/* Begin PBXProject section */
		B49CBB20287058A2000C8308 /* Project object */ = {
			isa = PBXProject;
			attributes = {
				BuildIndependentTargetsInParallel = 1;
				LastSwiftUpdateCheck = 1340;
				LastUpgradeCheck = 1340;
				TargetAttributes = {
					B49CBB27287058A2000C8308 = {
						CreatedOnToolsVersion = 13.4.1;
					};
				};
			};
			buildConfigurationList = B49CBB23287058A2000C8308 /* Build configuration list for PBXProject "Dating App" */;
			compatibilityVersion = "Xcode 13.0";
			developmentRegion = en;
			hasScannedForEncodings = 0;
			knownRegions = (
				en,
				Base,
			);
			mainGroup = B49CBB1F287058A2000C8308;
			productRefGroup = B49CBB29287058A2000C8308 /* Products */;
			projectDirPath = "";
			projectRoot = "";
			targets = (
				B49CBB27287058A2000C8308 /* Dating App */,
			);
		};
/* End PBXProject section */

/* Begin PBXResourcesBuildPhase section */
		B49CBB26287058A2000C8308 /* Resources */ = {
			isa = PBXResourcesBuildPhase;
			buildActionMask = 2147483647;
			files = (
				B49CBB38287058A8000C8308 /* LaunchScreen.storyboard in Resources */,
				B49CBB35287058A8000C8308 /* Assets.xcassets in Resources */,
			);
			runOnlyForDeploymentPostprocessing = 0;
		};
/* End PBXResourcesBuildPhase section */

/* Begin PBXSourcesBuildPhase section */
		B49CBB24287058A2000C8308 /* Sources */ = {
			isa = PBXSourcesBuildPhase;
			buildActionMask = 2147483647;
			files = (
				040F79822A98347400A1C08D /* HomeViewController.swift in Sources */,
				B4ABDEA2287370D30012F7AF /* TabBarViewController.swift in Sources */,
				B49CBB30287058A2000C8308 /* ViewController.swift in Sources */,
				B4ABDEB1287583EA0012F7AF /* ChatsCollectionViewCell.swift in Sources */,
				040F798B2A9841BA00A1C08D /* ChatsViewController.swift in Sources */,
				B49CBB442871EF56000C8308 /* Extension+OnboardingViewController.swift in Sources */,
				B49CBB422871EAA6000C8308 /* OnboardingModel.swift in Sources */,
				040F79842A9834C400A1C08D /* ProfileViewController.swift in Sources */,
				B49CBB2C287058A2000C8308 /* AppDelegate.swift in Sources */,
				B49CBB2E287058A2000C8308 /* SceneDelegate.swift in Sources */,
				040F79862A9834FC00A1C08D /* FindDatesViewController.swift in Sources */,
				040F79882A98377700A1C08D /* UserCreationLoginViewController.swift in Sources */,
				B49CBB462871F76E000C8308 /* OnboardingCollectionViewCell.swift in Sources */,
				B49CBB402871C154000C8308 /* OnboardingViewController.swift in Sources */,
			);
			runOnlyForDeploymentPostprocessing = 0;
		};
/* End PBXSourcesBuildPhase section */

/* Begin PBXVariantGroup section */
		B49CBB36287058A8000C8308 /* LaunchScreen.storyboard */ = {
			isa = PBXVariantGroup;
			children = (
				B49CBB37287058A8000C8308 /* Base */,
			);
			name = LaunchScreen.storyboard;
			sourceTree = "<group>";
		};
/* End PBXVariantGroup section */

/* Begin XCBuildConfiguration section */
		B49CBB3A287058A8000C8308 /* Debug */ = {
			isa = XCBuildConfiguration;
			buildSettings = {
				ALWAYS_SEARCH_USER_PATHS = NO;
				CLANG_ANALYZER_NONNULL = YES;
				CLANG_ANALYZER_NUMBER_OBJECT_CONVERSION = YES_AGGRESSIVE;
				CLANG_CXX_LANGUAGE_STANDARD = "gnu++17";
				CLANG_ENABLE_MODULES = YES;
				CLANG_ENABLE_OBJC_ARC = YES;
				CLANG_ENABLE_OBJC_WEAK = YES;
				CLANG_WARN_BLOCK_CAPTURE_AUTORELEASING = YES;
				CLANG_WARN_BOOL_CONVERSION = YES;
				CLANG_WARN_COMMA = YES;
				CLANG_WARN_CONSTANT_CONVERSION = YES;
				CLANG_WARN_DEPRECATED_OBJC_IMPLEMENTATIONS = YES;
				CLANG_WARN_DIRECT_OBJC_ISA_USAGE = YES_ERROR;
				CLANG_WARN_DOCUMENTATION_COMMENTS = YES;
				CLANG_WARN_EMPTY_BODY = YES;
				CLANG_WARN_ENUM_CONVERSION = YES;
				CLANG_WARN_INFINITE_RECURSION = YES;
				CLANG_WARN_INT_CONVERSION = YES;
				CLANG_WARN_NON_LITERAL_NULL_CONVERSION = YES;
				CLANG_WARN_OBJC_IMPLICIT_RETAIN_SELF = YES;
				CLANG_WARN_OBJC_LITERAL_CONVERSION = YES;
				CLANG_WARN_OBJC_ROOT_CLASS = YES_ERROR;
				CLANG_WARN_QUOTED_INCLUDE_IN_FRAMEWORK_HEADER = YES;
				CLANG_WARN_RANGE_LOOP_ANALYSIS = YES;
				CLANG_WARN_STRICT_PROTOTYPES = YES;
				CLANG_WARN_SUSPICIOUS_MOVE = YES;
				CLANG_WARN_UNGUARDED_AVAILABILITY = YES_AGGRESSIVE;
				CLANG_WARN_UNREACHABLE_CODE = YES;
				CLANG_WARN__DUPLICATE_METHOD_MATCH = YES;
				COPY_PHASE_STRIP = NO;
				DEBUG_INFORMATION_FORMAT = dwarf;
				ENABLE_STRICT_OBJC_MSGSEND = YES;
				ENABLE_TESTABILITY = YES;
				GCC_C_LANGUAGE_STANDARD = gnu11;
				GCC_DYNAMIC_NO_PIC = NO;
				GCC_NO_COMMON_BLOCKS = YES;
				GCC_OPTIMIZATION_LEVEL = 0;
				GCC_PREPROCESSOR_DEFINITIONS = (
					"DEBUG=1",
					"$(inherited)",
				);
				GCC_WARN_64_TO_32_BIT_CONVERSION = YES;
				GCC_WARN_ABOUT_RETURN_TYPE = YES_ERROR;
				GCC_WARN_UNDECLARED_SELECTOR = YES;
				GCC_WARN_UNINITIALIZED_AUTOS = YES_AGGRESSIVE;
				GCC_WARN_UNUSED_FUNCTION = YES;
				GCC_WARN_UNUSED_VARIABLE = YES;
				IPHONEOS_DEPLOYMENT_TARGET = 15.5;
				MTL_ENABLE_DEBUG_INFO = INCLUDE_SOURCE;
				MTL_FAST_MATH = YES;
				ONLY_ACTIVE_ARCH = YES;
				SDKROOT = iphoneos;
				SWIFT_ACTIVE_COMPILATION_CONDITIONS = DEBUG;
				SWIFT_OPTIMIZATION_LEVEL = "-Onone";
			};
			name = Debug;
		};
		B49CBB3B287058A8000C8308 /* Release */ = {
			isa = XCBuildConfiguration;
			buildSettings = {
				ALWAYS_SEARCH_USER_PATHS = NO;
				CLANG_ANALYZER_NONNULL = YES;
				CLANG_ANALYZER_NUMBER_OBJECT_CONVERSION = YES_AGGRESSIVE;
				CLANG_CXX_LANGUAGE_STANDARD = "gnu++17";
				CLANG_ENABLE_MODULES = YES;
				CLANG_ENABLE_OBJC_ARC = YES;
				CLANG_ENABLE_OBJC_WEAK = YES;
				CLANG_WARN_BLOCK_CAPTURE_AUTORELEASING = YES;
				CLANG_WARN_BOOL_CONVERSION = YES;
				CLANG_WARN_COMMA = YES;
				CLANG_WARN_CONSTANT_CONVERSION = YES;
				CLANG_WARN_DEPRECATED_OBJC_IMPLEMENTATIONS = YES;
				CLANG_WARN_DIRECT_OBJC_ISA_USAGE = YES_ERROR;
				CLANG_WARN_DOCUMENTATION_COMMENTS = YES;
				CLANG_WARN_EMPTY_BODY = YES;
				CLANG_WARN_ENUM_CONVERSION = YES;
				CLANG_WARN_INFINITE_RECURSION = YES;
				CLANG_WARN_INT_CONVERSION = YES;
				CLANG_WARN_NON_LITERAL_NULL_CONVERSION = YES;
				CLANG_WARN_OBJC_IMPLICIT_RETAIN_SELF = YES;
				CLANG_WARN_OBJC_LITERAL_CONVERSION = YES;
				CLANG_WARN_OBJC_ROOT_CLASS = YES_ERROR;
				CLANG_WARN_QUOTED_INCLUDE_IN_FRAMEWORK_HEADER = YES;
				CLANG_WARN_RANGE_LOOP_ANALYSIS = YES;
				CLANG_WARN_STRICT_PROTOTYPES = YES;
				CLANG_WARN_SUSPICIOUS_MOVE = YES;
				CLANG_WARN_UNGUARDED_AVAILABILITY = YES_AGGRESSIVE;
				CLANG_WARN_UNREACHABLE_CODE = YES;
				CLANG_WARN__DUPLICATE_METHOD_MATCH = YES;
				COPY_PHASE_STRIP = NO;
				DEBUG_INFORMATION_FORMAT = "dwarf-with-dsym";
				ENABLE_NS_ASSERTIONS = NO;
				ENABLE_STRICT_OBJC_MSGSEND = YES;
				GCC_C_LANGUAGE_STANDARD = gnu11;
				GCC_NO_COMMON_BLOCKS = YES;
				GCC_WARN_64_TO_32_BIT_CONVERSION = YES;
				GCC_WARN_ABOUT_RETURN_TYPE = YES_ERROR;
				GCC_WARN_UNDECLARED_SELECTOR = YES;
				GCC_WARN_UNINITIALIZED_AUTOS = YES_AGGRESSIVE;
				GCC_WARN_UNUSED_FUNCTION = YES;
				GCC_WARN_UNUSED_VARIABLE = YES;
				IPHONEOS_DEPLOYMENT_TARGET = 15.5;
				MTL_ENABLE_DEBUG_INFO = NO;
				MTL_FAST_MATH = YES;
				SDKROOT = iphoneos;
				SWIFT_COMPILATION_MODE = wholemodule;
				SWIFT_OPTIMIZATION_LEVEL = "-O";
				VALIDATE_PRODUCT = YES;
			};
			name = Release;
		};
		B49CBB3D287058A8000C8308 /* Debug */ = {
			isa = XCBuildConfiguration;
			buildSettings = {
				ASSETCATALOG_COMPILER_APPICON_NAME = AppIcon;
				ASSETCATALOG_COMPILER_GLOBAL_ACCENT_COLOR_NAME = AccentColor;
				CODE_SIGN_STYLE = Automatic;
				CURRENT_PROJECT_VERSION = 1;
				DEVELOPMENT_TEAM = SFJ8H3MDYC;
				GENERATE_INFOPLIST_FILE = YES;
				INFOPLIST_FILE = "Dating App/Info.plist";
				INFOPLIST_KEY_UIApplicationSupportsIndirectInputEvents = YES;
				INFOPLIST_KEY_UILaunchStoryboardName = LaunchScreen;
				INFOPLIST_KEY_UISupportedInterfaceOrientations = "UIInterfaceOrientationPortrait UIInterfaceOrientationLandscapeLeft UIInterfaceOrientationLandscapeRight";
				INFOPLIST_KEY_UISupportedInterfaceOrientations_iPad = "UIInterfaceOrientationPortrait UIInterfaceOrientationPortraitUpsideDown UIInterfaceOrientationLandscapeLeft UIInterfaceOrientationLandscapeRight";
				INFOPLIST_KEY_UISupportedInterfaceOrientations_iPhone = "UIInterfaceOrientationPortrait UIInterfaceOrientationLandscapeLeft UIInterfaceOrientationLandscapeRight";
				LD_RUNPATH_SEARCH_PATHS = (
					"$(inherited)",
					"@executable_path/Frameworks",
				);
				MARKETING_VERSION = 1.0;
				PRODUCT_BUNDLE_IDENTIFIER = "com.chidiogo.myfirstapp.Dating-App";
				PRODUCT_NAME = "$(TARGET_NAME)";
				SWIFT_EMIT_LOC_STRINGS = YES;
				SWIFT_VERSION = 5.0;
				TARGETED_DEVICE_FAMILY = "1,2";
			};
			name = Debug;
		};
		B49CBB3E287058A8000C8308 /* Release */ = {
			isa = XCBuildConfiguration;
			buildSettings = {
				ASSETCATALOG_COMPILER_APPICON_NAME = AppIcon;
				ASSETCATALOG_COMPILER_GLOBAL_ACCENT_COLOR_NAME = AccentColor;
				CODE_SIGN_STYLE = Automatic;
				CURRENT_PROJECT_VERSION = 1;
				DEVELOPMENT_TEAM = SFJ8H3MDYC;
				GENERATE_INFOPLIST_FILE = YES;
				INFOPLIST_FILE = "Dating App/Info.plist";
				INFOPLIST_KEY_UIApplicationSupportsIndirectInputEvents = YES;
				INFOPLIST_KEY_UILaunchStoryboardName = LaunchScreen;
				INFOPLIST_KEY_UISupportedInterfaceOrientations = "UIInterfaceOrientationPortrait UIInterfaceOrientationLandscapeLeft UIInterfaceOrientationLandscapeRight";
				INFOPLIST_KEY_UISupportedInterfaceOrientations_iPad = "UIInterfaceOrientationPortrait UIInterfaceOrientationPortraitUpsideDown UIInterfaceOrientationLandscapeLeft UIInterfaceOrientationLandscapeRight";
				INFOPLIST_KEY_UISupportedInterfaceOrientations_iPhone = "UIInterfaceOrientationPortrait UIInterfaceOrientationLandscapeLeft UIInterfaceOrientationLandscapeRight";
				LD_RUNPATH_SEARCH_PATHS = (
					"$(inherited)",
					"@executable_path/Frameworks",
				);
				MARKETING_VERSION = 1.0;
				PRODUCT_BUNDLE_IDENTIFIER = "com.chidiogo.myfirstapp.Dating-App";
				PRODUCT_NAME = "$(TARGET_NAME)";
				SWIFT_EMIT_LOC_STRINGS = YES;
				SWIFT_VERSION = 5.0;
				TARGETED_DEVICE_FAMILY = "1,2";
			};
			name = Release;
		};
/* End XCBuildConfiguration section */

/* Begin XCConfigurationList section */
		B49CBB23287058A2000C8308 /* Build configuration list for PBXProject "Dating App" */ = {
			isa = XCConfigurationList;
			buildConfigurations = (
				B49CBB3A287058A8000C8308 /* Debug */,
				B49CBB3B287058A8000C8308 /* Release */,
			);
			defaultConfigurationIsVisible = 0;
			defaultConfigurationName = Release;
		};
		B49CBB3C287058A8000C8308 /* Build configuration list for PBXNativeTarget "Dating App" */ = {
			isa = XCConfigurationList;
			buildConfigurations = (
				B49CBB3D287058A8000C8308 /* Debug */,
				B49CBB3E287058A8000C8308 /* Release */,
			);
			defaultConfigurationIsVisible = 0;
			defaultConfigurationName = Release;
		};
/* End XCConfigurationList section */
	};
	rootObject = B49CBB20287058A2000C8308 /* Project object */;
}
